
Microsoft Visual Studio Solution File, Format Version 10.00
# Visual Studio 2008
Project("{D2ABAB84-BF74-430A-B69E-9DC6D40DDA17}") = "Cubes", "Cubes\Cubes.dwproj", "{F3B65C51-1376-4F8A-BC71-23D71B48BDE1}"
EndProject
Global
	GlobalSection(SolutionConfigurationPlatforms) = preSolution
		Development|Default = Development|Default
	EndGlobalSection
	GlobalSection(ProjectConfigurationPlatforms) = postSolution
		{F3B65C51-1376-4F8A-BC71-23D71B48BDE1}.Development|Default.ActiveCfg = Development
		{F3B65C51-1376-4F8A-BC71-23D71B48BDE1}.Development|Default.Build.0 = Development
		{F3B65C51-1376-4F8A-BC71-23D71B48BDE1}.Development|Default.Deploy.0 = Development
	EndGlobalSection
	GlobalSection(SolutionProperties) = preSolution
		HideSolutionNode = FALSE
	EndGlobalSection
EndGlobal
